dependencies:
- name: osu-beatmap-difficulty-lookup-cache
  repository: https://ppy.github.io/helm-charts
  version: 2024.1224.0
- name: osu-notification-server
  repository: https://ppy.github.io/helm-charts
  version: 2024.820.0
- name: osu-server-spectator
  repository: https://ppy.github.io/helm-charts
  version: 2025.128.0
- name: osu-elastic-indexer
  repository: https://ppy.github.io/helm-charts
  version: 2023.823.0
- name: osu-queue-score-statistics
  repository: https://ppy.github.io/helm-charts
  version: 2024.1119.0
- name: scthumber
  repository: https://ppy.github.io/helm-charts
  version: 2023.316.0
- name: mysql
  repository: https://raw.githubusercontent.com/bitnami/charts/archive-full-index/bitnami
  version: 8.5.6
- name: redis
  repository: https://raw.githubusercontent.com/bitnami/charts/archive-full-index/bitnami
  version: 14.1.0
- name: elasticsearch
  repository: https://helm.elastic.co
  version: 7.16.2
- name: osu-server-beatmap-submission
  repository: https://ppy.github.io/helm-charts
  version: 2025.205.0
digest: sha256:c62225a1e8cf41284c09c7c24086d6f4d97353a36bbd08f4744ed86667877b60
generated: "2025-02-05T17:59:13.206214529+01:00"
