dependencies:
- name: osu-beatmap-difficulty-lookup-cache
  repository: https://ppy.github.io/helm-charts
  version: 2023.905.0
- name: osu-notification-server
  repository: https://ppy.github.io/helm-charts
  version: 2023.905.0
- name: osu-server-spectator
  repository: https://ppy.github.io/helm-charts
  version: 2023.905.0
- name: osu-elastic-indexer
  repository: https://ppy.github.io/helm-charts
  version: 2023.823.0
- name: osu-queue-score-statistics
  repository: https://ppy.github.io/helm-charts
  version: 2023.823.0
- name: scthumber
  repository: https://ppy.github.io/helm-charts
  version: 2023.316.0
- name: mysql
  repository: https://raw.githubusercontent.com/bitnami/charts/archive-full-index/bitnami
  version: 8.5.6
- name: redis
  repository: https://raw.githubusercontent.com/bitnami/charts/archive-full-index/bitnami
  version: 14.1.0
- name: elasticsearch
  repository: https://helm.elastic.co
  version: 7.16.2
digest: sha256:95c16f509697521381523ccf1a3669f41a39e81f3eaa40d4e1f7c37fe8de9d94
generated: "2024-05-15T20:43:03.788587759+02:00"
