dependencies:
- name: osu-beatmap-difficulty-lookup-cache
  repository: https://ppy.github.io/helm-charts
  version: 2024.1224.0
- name: osu-notification-server
  repository: https://ppy.github.io/helm-charts
  version: 2024.820.0
- name: osu-server-spectator
  repository: https://ppy.github.io/helm-charts
  version: 2025.128.0
- name: osu-elastic-indexer
  repository: https://ppy.github.io/helm-charts
  version: 2023.823.0
- name: osu-queue-score-statistics
  repository: https://ppy.github.io/helm-charts
  version: 2024.1119.0
- name: scthumber
  repository: https://ppy.github.io/helm-charts
  version: 2023.316.0
- name: mysql
  repository: https://raw.githubusercontent.com/bitnami/charts/archive-full-index/bitnami
  version: 8.5.6
- name: redis
  repository: https://raw.githubusercontent.com/bitnami/charts/archive-full-index/bitnami
  version: 14.1.0
- name: elasticsearch
  repository: https://helm.elastic.co
  version: 7.16.2
digest: sha256:16531d747a4260a430d6c079f5c29e309611f16b02a316439d993babfc2bcbb7
generated: "2025-01-28T23:36:54.715693223+01:00"
